
Microsoft Visual Studio Solution File, Format Version 12.00
# Visual Studio 2013
VisualStudioVersion = 12.0.21005.1
MinimumVisualStudioVersion = 10.0.40219.1
Project("{FAE04EC0-301F-11D3-BF4B-00C04F79EFBC}") = "FactoryPattern", "FactoryPattern\FactoryPattern.csproj", "{C67FC27F-E711-45A0-994F-6A6FA8D7B598}"
EndProject
Project("{2150E333-8FDC-42A3-9474-1A3956D46DE8}") = "Solution Items", "Solution Items", "{66FE64F6-49D5-434B-A77C-A576BDA6A29E}"
EndProject
Global
	GlobalSection(SolutionConfigurationPlatforms) = preSolution
		Debug|Any CPU = Debug|Any CPU
		Release|Any CPU = Release|Any CPU
	EndGlobalSection
	GlobalSection(ProjectConfigurationPlatforms) = postSolution
		{C67FC27F-E711-45A0-994F-6A6FA8D7B598}.Debug|Any CPU.ActiveCfg = Debug|Any CPU
		{C67FC27F-E711-45A0-994F-6A6FA8D7B598}.Debug|Any CPU.Build.0 = Debug|Any CPU
		{C67FC27F-E711-45A0-994F-6A6FA8D7B598}.Release|Any CPU.ActiveCfg = Release|Any CPU
		{C67FC27F-E711-45A0-994F-6A6FA8D7B598}.Release|Any CPU.Build.0 = Release|Any CPU
	EndGlobalSection
	GlobalSection(SolutionProperties) = preSolution
		HideSolutionNode = FALSE
	EndGlobalSection
EndGlobal
